
Microsoft Visual Studio Solution File, Format Version 12.00
# Visual Studio Version 17
VisualStudioVersion = 17.8.34511.84
MinimumVisualStudioVersion = 10.0.40219.1
Project("{FAE04EC0-301F-11D3-BF4B-00C04F79EFBC}") = "Store", "Store.csproj", "{2A2FE403-8910-4D05-8222-E80329ED6DD0}"
EndProject
Project("{FAE04EC0-301F-11D3-BF4B-00C04F79EFBC}") = "main", "..\main\main.csproj", "{BC4F2F3F-490E-4ECC-B6CE-C027764F7EF7}"
EndProject
Global
	GlobalSection(SolutionConfigurationPlatforms) = preSolution
		Debug|Any CPU = Debug|Any CPU
		Release|Any CPU = Release|Any CPU
	EndGlobalSection
	GlobalSection(ProjectConfigurationPlatforms) = postSolution
		{2A2FE403-8910-4D05-8222-E80329ED6DD0}.Debug|Any CPU.ActiveCfg = Debug|Any CPU
		{2A2FE403-8910-4D05-8222-E80329ED6DD0}.Debug|Any CPU.Build.0 = Debug|Any CPU
		{2A2FE403-8910-4D05-8222-E80329ED6DD0}.Release|Any CPU.ActiveCfg = Release|Any CPU
		{2A2FE403-8910-4D05-8222-E80329ED6DD0}.Release|Any CPU.Build.0 = Release|Any CPU
		{BC4F2F3F-490E-4ECC-B6CE-C027764F7EF7}.Debug|Any CPU.ActiveCfg = Debug|Any CPU
		{BC4F2F3F-490E-4ECC-B6CE-C027764F7EF7}.Debug|Any CPU.Build.0 = Debug|Any CPU
		{BC4F2F3F-490E-4ECC-B6CE-C027764F7EF7}.Release|Any CPU.ActiveCfg = Release|Any CPU
		{BC4F2F3F-490E-4ECC-B6CE-C027764F7EF7}.Release|Any CPU.Build.0 = Release|Any CPU
	EndGlobalSection
	GlobalSection(SolutionProperties) = preSolution
		HideSolutionNode = FALSE
	EndGlobalSection
	GlobalSection(ExtensibilityGlobals) = postSolution
		SolutionGuid = {4815DFD3-7589-4883-84F1-AA6AC0C9281B}
	EndGlobalSection
EndGlobal
